{
  "object": {
    "pins": [
      {
        "package": "Gimli",
        "repositoryURL": "https://github.com/nixberg/Gimli",
        "state": {
          "branch": "master",
          "revision": "dafb70fcf0253274a5b2f8fa7da30abb1aca9996",
          "version": null
        }
      }
    ]
  },
  "version": 1
}
