{
  "object": {
    "pins": [
      {
        "package": "Gimli",
        "repositoryURL": "https://github.com/nixberg/Gimli",
        "state": {
          "branch": null,
          "revision": "2d972461e466655489a5dfd13810eb662f9db2d0",
          "version": "0.0.0"
        }
      }
    ]
  },
  "version": 1
}
